
Microsoft Visual Studio Solution File, Format Version 11.00
# Visual Studio 2010
Project("{FAE04EC0-301F-11D3-BF4B-00C04F79EFBC}") = "Unilib.Tests", "Unilib\Unilib.Tests.csproj", "{544EBF91-0A88-4789-BF05-2E27E1C9B265}"
EndProject
Project("{FAE04EC0-301F-11D3-BF4B-00C04F79EFBC}") = "Unilib.ContentServer", "Unilib.ContentServer\Unilib.ContentServer.csproj", "{266B872C-AF85-47D4-98BD-9FA9DD1978F9}"
EndProject
Project("{FAE04EC0-301F-11D3-BF4B-00C04F79EFBC}") = "Unilib.CommunicationServer", "Unilib.CommunicationServer\Unilib.CommunicationServer.csproj", "{B855E9A9-0388-488C-9727-C4F448249581}"
EndProject
Project("{FAE04EC0-301F-11D3-BF4B-00C04F79EFBC}") = "Unilib.Messages", "Unilib.Messages\Unilib.Messages.csproj", "{208EDCDE-785E-4A40-81F3-6F0E841DF60E}"
EndProject
Project("{FAE04EC0-301F-11D3-BF4B-00C04F79EFBC}") = "Unilib.Frontend", "Unilib.Frontend\Unilib.Frontend.csproj", "{6753E767-31F9-4BB3-B62D-CFD96B3D4B23}"
EndProject
Project("{FAE04EC0-301F-11D3-BF4B-00C04F79EFBC}") = "Unilib.Common", "Unilib.Common\Unilib.Common.csproj", "{CE7E3611-4532-4849-B6FD-8A54E0E56E1E}"
EndProject
Global
	GlobalSection(SolutionConfigurationPlatforms) = preSolution
		Debug|Any CPU = Debug|Any CPU
		Release|Any CPU = Release|Any CPU
	EndGlobalSection
	GlobalSection(ProjectConfigurationPlatforms) = postSolution
		{544EBF91-0A88-4789-BF05-2E27E1C9B265}.Debug|Any CPU.ActiveCfg = Debug|Any CPU
		{544EBF91-0A88-4789-BF05-2E27E1C9B265}.Debug|Any CPU.Build.0 = Debug|Any CPU
		{544EBF91-0A88-4789-BF05-2E27E1C9B265}.Release|Any CPU.ActiveCfg = Release|Any CPU
		{544EBF91-0A88-4789-BF05-2E27E1C9B265}.Release|Any CPU.Build.0 = Release|Any CPU
		{266B872C-AF85-47D4-98BD-9FA9DD1978F9}.Debug|Any CPU.ActiveCfg = Debug|Any CPU
		{266B872C-AF85-47D4-98BD-9FA9DD1978F9}.Debug|Any CPU.Build.0 = Debug|Any CPU
		{266B872C-AF85-47D4-98BD-9FA9DD1978F9}.Release|Any CPU.ActiveCfg = Release|Any CPU
		{266B872C-AF85-47D4-98BD-9FA9DD1978F9}.Release|Any CPU.Build.0 = Release|Any CPU
		{B855E9A9-0388-488C-9727-C4F448249581}.Debug|Any CPU.ActiveCfg = Debug|Any CPU
		{B855E9A9-0388-488C-9727-C4F448249581}.Debug|Any CPU.Build.0 = Debug|Any CPU
		{B855E9A9-0388-488C-9727-C4F448249581}.Release|Any CPU.ActiveCfg = Release|Any CPU
		{B855E9A9-0388-488C-9727-C4F448249581}.Release|Any CPU.Build.0 = Release|Any CPU
		{208EDCDE-785E-4A40-81F3-6F0E841DF60E}.Debug|Any CPU.ActiveCfg = Debug|Any CPU
		{208EDCDE-785E-4A40-81F3-6F0E841DF60E}.Debug|Any CPU.Build.0 = Debug|Any CPU
		{208EDCDE-785E-4A40-81F3-6F0E841DF60E}.Release|Any CPU.ActiveCfg = Release|Any CPU
		{208EDCDE-785E-4A40-81F3-6F0E841DF60E}.Release|Any CPU.Build.0 = Release|Any CPU
		{6753E767-31F9-4BB3-B62D-CFD96B3D4B23}.Debug|Any CPU.ActiveCfg = Debug|Any CPU
		{6753E767-31F9-4BB3-B62D-CFD96B3D4B23}.Debug|Any CPU.Build.0 = Debug|Any CPU
		{6753E767-31F9-4BB3-B62D-CFD96B3D4B23}.Release|Any CPU.ActiveCfg = Release|Any CPU
		{6753E767-31F9-4BB3-B62D-CFD96B3D4B23}.Release|Any CPU.Build.0 = Release|Any CPU
		{CE7E3611-4532-4849-B6FD-8A54E0E56E1E}.Debug|Any CPU.ActiveCfg = Debug|Any CPU
		{CE7E3611-4532-4849-B6FD-8A54E0E56E1E}.Debug|Any CPU.Build.0 = Debug|Any CPU
		{CE7E3611-4532-4849-B6FD-8A54E0E56E1E}.Release|Any CPU.ActiveCfg = Release|Any CPU
		{CE7E3611-4532-4849-B6FD-8A54E0E56E1E}.Release|Any CPU.Build.0 = Release|Any CPU
	EndGlobalSection
	GlobalSection(SolutionProperties) = preSolution
		HideSolutionNode = FALSE
	EndGlobalSection
EndGlobal
